// !$*UTF8*$!
{
	archiveVersion = 1;
	classes = {
	};
	objectVersion = 51;
	objects = {

/* Begin PBXBuildFile section */
		D1A53EA0F61E9A0F30EFE978 /* Pods_weldi_v1.framework in Frameworks */ = {isa = PBXBuildFile; fileRef = E63932BC0ECC7F8EB8EBBD42 /* Pods_weldi_v1.framework */; };
		FD0BE16124465183001D4015 /* AppDelegate.swift in Sources */ = {isa = PBXBuildFile; fileRef = FD0BE16024465183001D4015 /* AppDelegate.swift */; };
		FD0BE16324465183001D4015 /* ViewController.swift in Sources */ = {isa = PBXBuildFile; fileRef = FD0BE16224465183001D4015 /* ViewController.swift */; };
		FD0BE16624465183001D4015 /* Main.storyboard in Resources */ = {isa = PBXBuildFile; fileRef = FD0BE16424465183001D4015 /* Main.storyboard */; };
		FD0BE16924465183001D4015 /* weldi_v1.xcdatamodeld in Sources */ = {isa = PBXBuildFile; fileRef = FD0BE16724465183001D4015 /* weldi_v1.xcdatamodeld */; };
		FD0BE16B24465189001D4015 /* Assets.xcassets in Resources */ = {isa = PBXBuildFile; fileRef = FD0BE16A24465189001D4015 /* Assets.xcassets */; };
		FD0BE16E24465189001D4015 /* LaunchScreen.storyboard in Resources */ = {isa = PBXBuildFile; fileRef = FD0BE16C24465189001D4015 /* LaunchScreen.storyboard */; };
		FD0BE17624465368001D4015 /* CustomButton.swift in Sources */ = {isa = PBXBuildFile; fileRef = FD0BE17524465368001D4015 /* CustomButton.swift */; };
		FD1EFABD244F10FC00EAC079 /* SignIncController.swift in Sources */ = {isa = PBXBuildFile; fileRef = FD1EFABC244F10FC00EAC079 /* SignIncController.swift */; };
		FD1EFABF244F24CD00EAC079 /* SignUpCViewController.swift in Sources */ = {isa = PBXBuildFile; fileRef = FD1EFABE244F24CD00EAC079 /* SignUpCViewController.swift */; };
		FD6CD29A2446638A009B4800 /* SignUpParentViewController.swift in Sources */ = {isa = PBXBuildFile; fileRef = FD6CD2992446638A009B4800 /* SignUpParentViewController.swift */; };
		FD8A861B244B2D4600B4F18D /* HomeParentController.swift in Sources */ = {isa = PBXBuildFile; fileRef = FD8A861A244B2D4600B4F18D /* HomeParentController.swift */; };
		FD8DD6AE244897EE00D18C96 /* ApiUrl.swift in Sources */ = {isa = PBXBuildFile; fileRef = FD8DD6AD244897EE00D18C96 /* ApiUrl.swift */; };
/* End PBXBuildFile section */

/* Begin PBXFileReference section */
		6AAF1C407123F56EEF528510 /* Pods-weldi_v1.release.xcconfig */ = {isa = PBXFileReference; includeInIndex = 1; lastKnownFileType = text.xcconfig; name = "Pods-weldi_v1.release.xcconfig"; path = "Target Support Files/Pods-weldi_v1/Pods-weldi_v1.release.xcconfig"; sourceTree = "<group>"; };
		D9F4215AE1ECA0CF87EEFEC3 /* Pods-weldi_v1.debug.xcconfig */ = {isa = PBXFileReference; includeInIndex = 1; lastKnownFileType = text.xcconfig; name = "Pods-weldi_v1.debug.xcconfig"; path = "Target Support Files/Pods-weldi_v1/Pods-weldi_v1.debug.xcconfig"; sourceTree = "<group>"; };
		E63932BC0ECC7F8EB8EBBD42 /* Pods_weldi_v1.framework */ = {isa = PBXFileReference; explicitFileType = wrapper.framework; includeInIndex = 0; path = Pods_weldi_v1.framework; sourceTree = BUILT_PRODUCTS_DIR; };
		FD0BE15D24465183001D4015 /* weldi_v1.app */ = {isa = PBXFileReference; explicitFileType = wrapper.application; includeInIndex = 0; path = weldi_v1.app; sourceTree = BUILT_PRODUCTS_DIR; };
		FD0BE16024465183001D4015 /* AppDelegate.swift */ = {isa = PBXFileReference; lastKnownFileType = sourcecode.swift; path = AppDelegate.swift; sourceTree = "<group>"; };
		FD0BE16224465183001D4015 /* ViewController.swift */ = {isa = PBXFileReference; lastKnownFileType = sourcecode.swift; path = ViewController.swift; sourceTree = "<group>"; };
		FD0BE16524465183001D4015 /* Base */ = {isa = PBXFileReference; lastKnownFileType = file.storyboard; name = Base; path = Base.lproj/Main.storyboard; sourceTree = "<group>"; };
		FD0BE16824465183001D4015 /* weldi_v1.xcdatamodel */ = {isa = PBXFileReference; lastKnownFileType = wrapper.xcdatamodel; path = weldi_v1.xcdatamodel; sourceTree = "<group>"; };
		FD0BE16A24465189001D4015 /* Assets.xcassets */ = {isa = PBXFileReference; lastKnownFileType = folder.assetcatalog; path = Assets.xcassets; sourceTree = "<group>"; };
		FD0BE16D24465189001D4015 /* Base */ = {isa = PBXFileReference; lastKnownFileType = file.storyboard; name = Base; path = Base.lproj/LaunchScreen.storyboard; sourceTree = "<group>"; };
		FD0BE16F24465189001D4015 /* Info.plist */ = {isa = PBXFileReference; lastKnownFileType = text.plist.xml; path = Info.plist; sourceTree = "<group>"; };
		FD0BE17524465368001D4015 /* CustomButton.swift */ = {isa = PBXFileReference; lastKnownFileType = sourcecode.swift; path = CustomButton.swift; sourceTree = "<group>"; };
		FD1EFABC244F10FC00EAC079 /* SignIncController.swift */ = {isa = PBXFileReference; lastKnownFileType = sourcecode.swift; path = SignIncController.swift; sourceTree = "<group>"; };
		FD1EFABE244F24CD00EAC079 /* SignUpCViewController.swift */ = {isa = PBXFileReference; lastKnownFileType = sourcecode.swift; path = SignUpCViewController.swift; sourceTree = "<group>"; };
		FD6CD2992446638A009B4800 /* SignUpParentViewController.swift */ = {isa = PBXFileReference; lastKnownFileType = sourcecode.swift; path = SignUpParentViewController.swift; sourceTree = "<group>"; };
		FD8A861A244B2D4600B4F18D /* HomeParentController.swift */ = {isa = PBXFileReference; lastKnownFileType = sourcecode.swift; path = HomeParentController.swift; sourceTree = "<group>"; };
		FD8DD6AD244897EE00D18C96 /* ApiUrl.swift */ = {isa = PBXFileReference; lastKnownFileType = sourcecode.swift; path = ApiUrl.swift; sourceTree = "<group>"; };
/* End PBXFileReference section */

/* Begin PBXFrameworksBuildPhase section */
		FD0BE15A24465183001D4015 /* Frameworks */ = {
			isa = PBXFrameworksBuildPhase;
			buildActionMask = 2147483647;
			files = (
				D1A53EA0F61E9A0F30EFE978 /* Pods_weldi_v1.framework in Frameworks */,
			);
			runOnlyForDeploymentPostprocessing = 0;
		};
/* End PBXFrameworksBuildPhase section */

/* Begin PBXGroup section */
		ACD6CAA647D5FA93AE5AF91B /* Frameworks */ = {
			isa = PBXGroup;
			children = (
				E63932BC0ECC7F8EB8EBBD42 /* Pods_weldi_v1.framework */,
			);
			name = Frameworks;
			sourceTree = "<group>";
		};
		B76A6961D0913BE9E21D6939 /* Pods */ = {
			isa = PBXGroup;
			children = (
				D9F4215AE1ECA0CF87EEFEC3 /* Pods-weldi_v1.debug.xcconfig */,
				6AAF1C407123F56EEF528510 /* Pods-weldi_v1.release.xcconfig */,
			);
			path = Pods;
			sourceTree = "<group>";
		};
		FD0BE15424465183001D4015 = {
			isa = PBXGroup;
			children = (
				FD0BE15F24465183001D4015 /* weldi_v1 */,
				FD0BE15E24465183001D4015 /* Products */,
				B76A6961D0913BE9E21D6939 /* Pods */,
				ACD6CAA647D5FA93AE5AF91B /* Frameworks */,
			);
			sourceTree = "<group>";
		};
		FD0BE15E24465183001D4015 /* Products */ = {
			isa = PBXGroup;
			children = (
				FD0BE15D24465183001D4015 /* weldi_v1.app */,
			);
			name = Products;
			sourceTree = "<group>";
		};
		FD0BE15F24465183001D4015 /* weldi_v1 */ = {
			isa = PBXGroup;
			children = (
				FD0BE16024465183001D4015 /* AppDelegate.swift */,
				FD0BE16224465183001D4015 /* ViewController.swift */,
				FD0BE16424465183001D4015 /* Main.storyboard */,
				FD0BE16A24465189001D4015 /* Assets.xcassets */,
				FD0BE16C24465189001D4015 /* LaunchScreen.storyboard */,
				FD0BE16F24465189001D4015 /* Info.plist */,
				FD0BE16724465183001D4015 /* weldi_v1.xcdatamodeld */,
				FD0BE17524465368001D4015 /* CustomButton.swift */,
				FD6CD2992446638A009B4800 /* SignUpParentViewController.swift */,
				FD8DD6AD244897EE00D18C96 /* ApiUrl.swift */,
				FD8A861A244B2D4600B4F18D /* HomeParentController.swift */,
				FD1EFABC244F10FC00EAC079 /* SignIncController.swift */,
				FD1EFABE244F24CD00EAC079 /* SignUpCViewController.swift */,
			);
			path = weldi_v1;
			sourceTree = "<group>";
		};
/* End PBXGroup section */

/* Begin PBXNativeTarget section */
		FD0BE15C24465183001D4015 /* weldi_v1 */ = {
			isa = PBXNativeTarget;
			buildConfigurationList = FD0BE17224465189001D4015 /* Build configuration list for PBXNativeTarget "weldi_v1" */;
			buildPhases = (
				562C4F9928ED134BCBB4FB71 /* [CP] Check Pods Manifest.lock */,
				FD0BE15924465183001D4015 /* Sources */,
				FD0BE15A24465183001D4015 /* Frameworks */,
				FD0BE15B24465183001D4015 /* Resources */,
				DE83A0A8AE97DC79F4E0D26B /* [CP] Embed Pods Frameworks */,
			);
			buildRules = (
			);
			dependencies = (
			);
			name = weldi_v1;
			productName = weldi_v1;
			productReference = FD0BE15D24465183001D4015 /* weldi_v1.app */;
			productType = "com.apple.product-type.application";
		};
/* End PBXNativeTarget section */

/* Begin PBXProject section */
		FD0BE15524465183001D4015 /* Project object */ = {
			isa = PBXProject;
			attributes = {
				LastSwiftUpdateCheck = 1010;
				LastUpgradeCheck = 1010;
				ORGANIZATIONNAME = "Dhouibi Muhamed";
				TargetAttributes = {
					FD0BE15C24465183001D4015 = {
						CreatedOnToolsVersion = 10.1;
					};
				};
			};
			buildConfigurationList = FD0BE15824465183001D4015 /* Build configuration list for PBXProject "weldi_v1" */;
			compatibilityVersion = "Xcode 9.3";
			developmentRegion = en;
			hasScannedForEncodings = 0;
			knownRegions = (
				en,
				Base,
			);
			mainGroup = FD0BE15424465183001D4015;
			productRefGroup = FD0BE15E24465183001D4015 /* Products */;
			projectDirPath = "";
			projectRoot = "";
			targets = (
				FD0BE15C24465183001D4015 /* weldi_v1 */,
			);
		};
/* End PBXProject section */

/* Begin PBXResourcesBuildPhase section */
		FD0BE15B24465183001D4015 /* Resources */ = {
			isa = PBXResourcesBuildPhase;
			buildActionMask = 2147483647;
			files = (
				FD0BE16E24465189001D4015 /* LaunchScreen.storyboard in Resources */,
				FD0BE16B24465189001D4015 /* Assets.xcassets in Resources */,
				FD0BE16624465183001D4015 /* Main.storyboard in Resources */,
			);
			runOnlyForDeploymentPostprocessing = 0;
		};
/* End PBXResourcesBuildPhase section */

/* Begin PBXShellScriptBuildPhase section */
		562C4F9928ED134BCBB4FB71 /* [CP] Check Pods Manifest.lock */ = {
			isa = PBXShellScriptBuildPhase;
			buildActionMask = 2147483647;
			files = (
			);
			inputFileListPaths = (
			);
			inputPaths = (
				"${PODS_PODFILE_DIR_PATH}/Podfile.lock",
				"${PODS_ROOT}/Manifest.lock",
			);
			name = "[CP] Check Pods Manifest.lock";
			outputFileListPaths = (
			);
			outputPaths = (
				"$(DERIVED_FILE_DIR)/Pods-weldi_v1-checkManifestLockResult.txt",
			);
			runOnlyForDeploymentPostprocessing = 0;
			shellPath = /bin/sh;
			shellScript = "diff \"${PODS_PODFILE_DIR_PATH}/Podfile.lock\" \"${PODS_ROOT}/Manifest.lock\" > /dev/null\nif [ $? != 0 ] ; then\n    # print error to STDERR\n    echo \"error: The sandbox is not in sync with the Podfile.lock. Run 'pod install' or update your CocoaPods installation.\" >&2\n    exit 1\nfi\n# This output is used by Xcode 'outputs' to avoid re-running this script phase.\necho \"SUCCESS\" > \"${SCRIPT_OUTPUT_FILE_0}\"\n";
			showEnvVarsInLog = 0;
		};
		DE83A0A8AE97DC79F4E0D26B /* [CP] Embed Pods Frameworks */ = {
			isa = PBXShellScriptBuildPhase;
			buildActionMask = 2147483647;
			files = (
			);
			inputFileListPaths = (
				"${PODS_ROOT}/Target Support Files/Pods-weldi_v1/Pods-weldi_v1-frameworks-${CONFIGURATION}-input-files.xcfilelist",
			);
			name = "[CP] Embed Pods Frameworks";
			outputFileListPaths = (
				"${PODS_ROOT}/Target Support Files/Pods-weldi_v1/Pods-weldi_v1-frameworks-${CONFIGURATION}-output-files.xcfilelist",
			);
			runOnlyForDeploymentPostprocessing = 0;
			shellPath = /bin/sh;
			shellScript = "\"${PODS_ROOT}/Target Support Files/Pods-weldi_v1/Pods-weldi_v1-frameworks.sh\"\n";
			showEnvVarsInLog = 0;
		};
/* End PBXShellScriptBuildPhase section */

/* Begin PBXSourcesBuildPhase section */
		FD0BE15924465183001D4015 /* Sources */ = {
			isa = PBXSourcesBuildPhase;
			buildActionMask = 2147483647;
			files = (
				FD0BE17624465368001D4015 /* CustomButton.swift in Sources */,
				FD1EFABD244F10FC00EAC079 /* SignIncController.swift in Sources */,
				FD0BE16924465183001D4015 /* weldi_v1.xcdatamodeld in Sources */,
				FD8DD6AE244897EE00D18C96 /* ApiUrl.swift in Sources */,
				FD8A861B244B2D4600B4F18D /* HomeParentController.swift in Sources */,
				FD1EFABF244F24CD00EAC079 /* SignUpCViewController.swift in Sources */,
				FD0BE16324465183001D4015 /* ViewController.swift in Sources */,
				FD6CD29A2446638A009B4800 /* SignUpParentViewController.swift in Sources */,
				FD0BE16124465183001D4015 /* AppDelegate.swift in Sources */,
			);
			runOnlyForDeploymentPostprocessing = 0;
		};
/* End PBXSourcesBuildPhase section */

/* Begin PBXVariantGroup section */
		FD0BE16424465183001D4015 /* Main.storyboard */ = {
			isa = PBXVariantGroup;
			children = (
				FD0BE16524465183001D4015 /* Base */,
			);
			name = Main.storyboard;
			sourceTree = "<group>";
		};
		FD0BE16C24465189001D4015 /* LaunchScreen.storyboard */ = {
			isa = PBXVariantGroup;
			children = (
				FD0BE16D24465189001D4015 /* Base */,
			);
			name = LaunchScreen.storyboard;
			sourceTree = "<group>";
		};
/* End PBXVariantGroup section */

/* Begin XCBuildConfiguration section */
		FD0BE17024465189001D4015 /* Debug */ = {
			isa = XCBuildConfiguration;
			buildSettings = {
				ALWAYS_SEARCH_USER_PATHS = NO;
				CLANG_ANALYZER_NONNULL = YES;
				CLANG_ANALYZER_NUMBER_OBJECT_CONVERSION = YES_AGGRESSIVE;
				CLANG_CXX_LANGUAGE_STANDARD = "gnu++14";
				CLANG_CXX_LIBRARY = "libc++";
				CLANG_ENABLE_MODULES = YES;
				CLANG_ENABLE_OBJC_ARC = YES;
				CLANG_ENABLE_OBJC_WEAK = YES;
				CLANG_WARN_BLOCK_CAPTURE_AUTORELEASING = YES;
				CLANG_WARN_BOOL_CONVERSION = YES;
				CLANG_WARN_COMMA = YES;
				CLANG_WARN_CONSTANT_CONVERSION = YES;
				CLANG_WARN_DEPRECATED_OBJC_IMPLEMENTATIONS = YES;
				CLANG_WARN_DIRECT_OBJC_ISA_USAGE = YES_ERROR;
				CLANG_WARN_DOCUMENTATION_COMMENTS = YES;
				CLANG_WARN_EMPTY_BODY = YES;
				CLANG_WARN_ENUM_CONVERSION = YES;
				CLANG_WARN_INFINITE_RECURSION = YES;
				CLANG_WARN_INT_CONVERSION = YES;
				CLANG_WARN_NON_LITERAL_NULL_CONVERSION = YES;
				CLANG_WARN_OBJC_IMPLICIT_RETAIN_SELF = YES;
				CLANG_WARN_OBJC_LITERAL_CONVERSION = YES;
				CLANG_WARN_OBJC_ROOT_CLASS = YES_ERROR;
				CLANG_WARN_RANGE_LOOP_ANALYSIS = YES;
				CLANG_WARN_STRICT_PROTOTYPES = YES;
				CLANG_WARN_SUSPICIOUS_MOVE = YES;
				CLANG_WARN_UNGUARDED_AVAILABILITY = YES_AGGRESSIVE;
				CLANG_WARN_UNREACHABLE_CODE = YES;
				CLANG_WARN__DUPLICATE_METHOD_MATCH = YES;
				CODE_SIGN_IDENTITY = "iPhone Developer";
				COPY_PHASE_STRIP = NO;
				DEBUG_INFORMATION_FORMAT = dwarf;
				ENABLE_STRICT_OBJC_MSGSEND = YES;
				ENABLE_TESTABILITY = YES;
				GCC_C_LANGUAGE_STANDARD = gnu11;
				GCC_DYNAMIC_NO_PIC = NO;
				GCC_NO_COMMON_BLOCKS = YES;
				GCC_OPTIMIZATION_LEVEL = 0;
				GCC_PREPROCESSOR_DEFINITIONS = (
					"DEBUG=1",
					"$(inherited)",
				);
				GCC_WARN_64_TO_32_BIT_CONVERSION = YES;
				GCC_WARN_ABOUT_RETURN_TYPE = YES_ERROR;
				GCC_WARN_UNDECLARED_SELECTOR = YES;
				GCC_WARN_UNINITIALIZED_AUTOS = YES_AGGRESSIVE;
				GCC_WARN_UNUSED_FUNCTION = YES;
				GCC_WARN_UNUSED_VARIABLE = YES;
				IPHONEOS_DEPLOYMENT_TARGET = 12.1;
				MTL_ENABLE_DEBUG_INFO = INCLUDE_SOURCE;
				MTL_FAST_MATH = YES;
				ONLY_ACTIVE_ARCH = YES;
				SDKROOT = iphoneos;
				SWIFT_ACTIVE_COMPILATION_CONDITIONS = DEBUG;
				SWIFT_OPTIMIZATION_LEVEL = "-Onone";
			};
			name = Debug;
		};
		FD0BE17124465189001D4015 /* Release */ = {
			isa = XCBuildConfiguration;
			buildSettings = {
				ALWAYS_SEARCH_USER_PATHS = NO;
				CLANG_ANALYZER_NONNULL = YES;
				CLANG_ANALYZER_NUMBER_OBJECT_CONVERSION = YES_AGGRESSIVE;
				CLANG_CXX_LANGUAGE_STANDARD = "gnu++14";
				CLANG_CXX_LIBRARY = "libc++";
				CLANG_ENABLE_MODULES = YES;
				CLANG_ENABLE_OBJC_ARC = YES;
				CLANG_ENABLE_OBJC_WEAK = YES;
				CLANG_WARN_BLOCK_CAPTURE_AUTORELEASING = YES;
				CLANG_WARN_BOOL_CONVERSION = YES;
				CLANG_WARN_COMMA = YES;
				CLANG_WARN_CONSTANT_CONVERSION = YES;
				CLANG_WARN_DEPRECATED_OBJC_IMPLEMENTATIONS = YES;
				CLANG_WARN_DIRECT_OBJC_ISA_USAGE = YES_ERROR;
				CLANG_WARN_DOCUMENTATION_COMMENTS = YES;
				CLANG_WARN_EMPTY_BODY = YES;
				CLANG_WARN_ENUM_CONVERSION = YES;
				CLANG_WARN_INFINITE_RECURSION = YES;
				CLANG_WARN_INT_CONVERSION = YES;
				CLANG_WARN_NON_LITERAL_NULL_CONVERSION = YES;
				CLANG_WARN_OBJC_IMPLICIT_RETAIN_SELF = YES;
				CLANG_WARN_OBJC_LITERAL_CONVERSION = YES;
				CLANG_WARN_OBJC_ROOT_CLASS = YES_ERROR;
				CLANG_WARN_RANGE_LOOP_ANALYSIS = YES;
				CLANG_WARN_STRICT_PROTOTYPES = YES;
				CLANG_WARN_SUSPICIOUS_MOVE = YES;
				CLANG_WARN_UNGUARDED_AVAILABILITY = YES_AGGRESSIVE;
				CLANG_WARN_UNREACHABLE_CODE = YES;
				CLANG_WARN__DUPLICATE_METHOD_MATCH = YES;
				CODE_SIGN_IDENTITY = "iPhone Developer";
				COPY_PHASE_STRIP = NO;
				DEBUG_INFORMATION_FORMAT = "dwarf-with-dsym";
				ENABLE_NS_ASSERTIONS = NO;
				ENABLE_STRICT_OBJC_MSGSEND = YES;
				GCC_C_LANGUAGE_STANDARD = gnu11;
				GCC_NO_COMMON_BLOCKS = YES;
				GCC_WARN_64_TO_32_BIT_CONVERSION = YES;
				GCC_WARN_ABOUT_RETURN_TYPE = YES_ERROR;
				GCC_WARN_UNDECLARED_SELECTOR = YES;
				GCC_WARN_UNINITIALIZED_AUTOS = YES_AGGRESSIVE;
				GCC_WARN_UNUSED_FUNCTION = YES;
				GCC_WARN_UNUSED_VARIABLE = YES;
				IPHONEOS_DEPLOYMENT_TARGET = 12.1;
				MTL_ENABLE_DEBUG_INFO = NO;
				MTL_FAST_MATH = YES;
				SDKROOT = iphoneos;
				SWIFT_COMPILATION_MODE = wholemodule;
				SWIFT_OPTIMIZATION_LEVEL = "-O";
				VALIDATE_PRODUCT = YES;
			};
			name = Release;
		};
		FD0BE17324465189001D4015 /* Debug */ = {
			isa = XCBuildConfiguration;
			baseConfigurationReference = D9F4215AE1ECA0CF87EEFEC3 /* Pods-weldi_v1.debug.xcconfig */;
			buildSettings = {
				ASSETCATALOG_COMPILER_APPICON_NAME = AppIcon;
				CODE_SIGN_STYLE = Automatic;
				INFOPLIST_FILE = weldi_v1/Info.plist;
				LD_RUNPATH_SEARCH_PATHS = (
					"$(inherited)",
					"@executable_path/Frameworks",
				);
				PRODUCT_BUNDLE_IDENTIFIER = "Sim.weldi-v1";
				PRODUCT_NAME = "$(TARGET_NAME)";
				SWIFT_VERSION = 4.2;
				TARGETED_DEVICE_FAMILY = "1,2";
			};
			name = Debug;
		};
		FD0BE17424465189001D4015 /* Release */ = {
			isa = XCBuildConfiguration;
			baseConfigurationReference = 6AAF1C407123F56EEF528510 /* Pods-weldi_v1.release.xcconfig */;
			buildSettings = {
				ASSETCATALOG_COMPILER_APPICON_NAME = AppIcon;
				CODE_SIGN_STYLE = Automatic;
				INFOPLIST_FILE = weldi_v1/Info.plist;
				LD_RUNPATH_SEARCH_PATHS = (
					"$(inherited)",
					"@executable_path/Frameworks",
				);
				PRODUCT_BUNDLE_IDENTIFIER = "Sim.weldi-v1";
				PRODUCT_NAME = "$(TARGET_NAME)";
				SWIFT_VERSION = 4.2;
				TARGETED_DEVICE_FAMILY = "1,2";
			};
			name = Release;
		};
/* End XCBuildConfiguration section */

/* Begin XCConfigurationList section */
		FD0BE15824465183001D4015 /* Build configuration list for PBXProject "weldi_v1" */ = {
			isa = XCConfigurationList;
			buildConfigurations = (
				FD0BE17024465189001D4015 /* Debug */,
				FD0BE17124465189001D4015 /* Release */,
			);
			defaultConfigurationIsVisible = 0;
			defaultConfigurationName = Release;
		};
		FD0BE17224465189001D4015 /* Build configuration list for PBXNativeTarget "weldi_v1" */ = {
			isa = XCConfigurationList;
			buildConfigurations = (
				FD0BE17324465189001D4015 /* Debug */,
				FD0BE17424465189001D4015 /* Release */,
			);
			defaultConfigurationIsVisible = 0;
			defaultConfigurationName = Release;
		};
/* End XCConfigurationList section */

/* Begin XCVersionGroup section */
		FD0BE16724465183001D4015 /* weldi_v1.xcdatamodeld */ = {
			isa = XCVersionGroup;
			children = (
				FD0BE16824465183001D4015 /* weldi_v1.xcdatamodel */,
			);
			currentVersion = FD0BE16824465183001D4015 /* weldi_v1.xcdatamodel */;
			path = weldi_v1.xcdatamodeld;
			sourceTree = "<group>";
			versionGroupType = wrapper.xcdatamodel;
		};
/* End XCVersionGroup section */
	};
	rootObject = FD0BE15524465183001D4015 /* Project object */;
}
